
Microsoft Visual Studio Solution File, Format Version 12.00
Project("{FAE04EC0-301F-11D3-BF4B-00C04F79EFBC}") = "crud", "crud\crud.csproj", "{49C5FC36-9D14-4170-A26A-CA77B89DC13A}"
EndProject
Global
	GlobalSection(SolutionConfigurationPlatforms) = preSolution
		Debug|Any CPU = Debug|Any CPU
		Release|Any CPU = Release|Any CPU
	EndGlobalSection
	GlobalSection(ProjectConfigurationPlatforms) = postSolution
		{49C5FC36-9D14-4170-A26A-CA77B89DC13A}.Debug|Any CPU.ActiveCfg = Debug|Any CPU
		{49C5FC36-9D14-4170-A26A-CA77B89DC13A}.Debug|Any CPU.Build.0 = Debug|Any CPU
		{49C5FC36-9D14-4170-A26A-CA77B89DC13A}.Release|Any CPU.ActiveCfg = Release|Any CPU
		{49C5FC36-9D14-4170-A26A-CA77B89DC13A}.Release|Any CPU.Build.0 = Release|Any CPU
	EndGlobalSection
EndGlobal
